// !$*UTF8*$!
{
	archiveVersion = 1;
	classes = {
	};
	objectVersion = 56;
	objects = {

/* Begin PBXBuildFile section */
		A1000001 /* AppDelegate.swift in Sources */ = {isa = PBXBuildFile; fileRef = B1000001 /* AppDelegate.swift */; };
		A1000002 /* RootViewController.swift in Sources */ = {isa = PBXBuildFile; fileRef = B1000002 /* RootViewController.swift */; };
		A1000003 /* SidebarDestination.swift in Sources */ = {isa = PBXBuildFile; fileRef = B1000003 /* SidebarDestination.swift */; };
		A1000004 /* SidebarViewController.swift in Sources */ = {isa = PBXBuildFile; fileRef = B1000004 /* SidebarViewController.swift */; };
		A1000005 /* SidebarMenuButton.swift in Sources */ = {isa = PBXBuildFile; fileRef = B1000005 /* SidebarMenuButton.swift */; };
		A1000007 /* JellyfinAPI.swift in Sources */ = {isa = PBXBuildFile; fileRef = B1000007 /* JellyfinAPI.swift */; };
		A1000008 /* ImageLoader.swift in Sources */ = {isa = PBXBuildFile; fileRef = B1000008 /* ImageLoader.swift */; };
		A100000A /* M3UParser.swift in Sources */ = {isa = PBXBuildFile; fileRef = B100000A /* M3UParser.swift */; };
		A100000B /* IPTVManager.swift in Sources */ = {isa = PBXBuildFile; fileRef = B100000B /* IPTVManager.swift */; };
		A100000C /* HomeViewController.swift in Sources */ = {isa = PBXBuildFile; fileRef = B100000C /* HomeViewController.swift */; };
		A100000D /* MediaRowView.swift in Sources */ = {isa = PBXBuildFile; fileRef = B100000D /* MediaRowView.swift */; };
		A100000E /* MediaCardCell.swift in Sources */ = {isa = PBXBuildFile; fileRef = B100000E /* MediaCardCell.swift */; };
		A100000F /* LibraryViewController.swift in Sources */ = {isa = PBXBuildFile; fileRef = B100000F /* LibraryViewController.swift */; };
		A1000010 /* DetailViewController.swift in Sources */ = {isa = PBXBuildFile; fileRef = B1000010 /* DetailViewController.swift */; };
		A1000011 /* EpisodesViewController.swift in Sources */ = {isa = PBXBuildFile; fileRef = B1000011 /* EpisodesViewController.swift */; };
		A1000012 /* LiveTVViewController.swift in Sources */ = {isa = PBXBuildFile; fileRef = B1000012 /* LiveTVViewController.swift */; };
		A1000013 /* SearchViewController.swift in Sources */ = {isa = PBXBuildFile; fileRef = B1000013 /* SearchViewController.swift */; };
		A1000014 /* SettingsViewController.swift in Sources */ = {isa = PBXBuildFile; fileRef = B1000014 /* SettingsViewController.swift */; };
		A1000015 /* PlayerViewController.swift in Sources */ = {isa = PBXBuildFile; fileRef = B1000015 /* PlayerViewController.swift */; };
		A1000016 /* XtreamAPI.swift in Sources */ = {isa = PBXBuildFile; fileRef = B1000017 /* XtreamAPI.swift */; };
		A1000017 /* ThumbnailCardCell.swift in Sources */ = {isa = PBXBuildFile; fileRef = B1000018 /* ThumbnailCardCell.swift */; };
		A1000018 /* HeroBannerView.swift in Sources */ = {isa = PBXBuildFile; fileRef = B1000019 /* HeroBannerView.swift */; };
		A1000019 /* LiveTVRowView.swift in Sources */ = {isa = PBXBuildFile; fileRef = B100001A /* LiveTVRowView.swift */; };
		A100001A /* ShimmerView.swift in Sources */ = {isa = PBXBuildFile; fileRef = B100001B /* ShimmerView.swift */; };
		A100001B /* LiveTVPlayerViewController.swift in Sources */ = {isa = PBXBuildFile; fileRef = B100001C /* LiveTVPlayerViewController.swift */; };
		A100001C /* PosterCacheManager.swift in Sources */ = {isa = PBXBuildFile; fileRef = B100001D /* PosterCacheManager.swift */; };
		A100001D /* PosterCache in Resources */ = {isa = PBXBuildFile; fileRef = B100001E /* PosterCache */; };
		A1000032 /* AppTheme.swift in Sources */ = {isa = PBXBuildFile; fileRef = B1000030 /* AppTheme.swift */; };
		A1000033 /* Fonts in Resources */ = {isa = PBXBuildFile; fileRef = B1000031 /* Fonts */; };
		A100001E /* CollectionViewController.swift in Sources */ = {isa = PBXBuildFile; fileRef = B100001F /* CollectionViewController.swift */; };
		A1000080 /* JellyfinAuthResponse.swift in Sources */ = {isa = PBXBuildFile; fileRef = B1000080 /* JellyfinAuthResponse.swift */; };
		A1000081 /* JellyfinUser.swift in Sources */ = {isa = PBXBuildFile; fileRef = B1000081 /* JellyfinUser.swift */; };
		A1000082 /* JellyfinItemsResponse.swift in Sources */ = {isa = PBXBuildFile; fileRef = B1000082 /* JellyfinItemsResponse.swift */; };
		A1000083 /* JellyfinItem.swift in Sources */ = {isa = PBXBuildFile; fileRef = B1000083 /* JellyfinItem.swift */; };
		A1000084 /* JellyfinUserData.swift in Sources */ = {isa = PBXBuildFile; fileRef = B1000084 /* JellyfinUserData.swift */; };
		A1000085 /* JellyfinNamedItem.swift in Sources */ = {isa = PBXBuildFile; fileRef = B1000085 /* JellyfinNamedItem.swift */; };
		A1000086 /* JellyfinPerson.swift in Sources */ = {isa = PBXBuildFile; fileRef = B1000086 /* JellyfinPerson.swift */; };
		A1000087 /* JellyfinChapter.swift in Sources */ = {isa = PBXBuildFile; fileRef = B1000087 /* JellyfinChapter.swift */; };
		A1000088 /* JellyfinMediaStream.swift in Sources */ = {isa = PBXBuildFile; fileRef = B1000088 /* JellyfinMediaStream.swift */; };
		A1000089 /* JellyfinLibrary.swift in Sources */ = {isa = PBXBuildFile; fileRef = B1000089 /* JellyfinLibrary.swift */; };
		A100008A /* JellyfinLibraryResponse.swift in Sources */ = {isa = PBXBuildFile; fileRef = B100008A /* JellyfinLibraryResponse.swift */; };
		A100008B /* JellyfinPlaybackInfo.swift in Sources */ = {isa = PBXBuildFile; fileRef = B100008B /* JellyfinPlaybackInfo.swift */; };
		A100008C /* JellyfinMediaSource.swift in Sources */ = {isa = PBXBuildFile; fileRef = B100008C /* JellyfinMediaSource.swift */; };
		A10000A0 /* XtreamCategory.swift in Sources */ = {isa = PBXBuildFile; fileRef = B10000A0 /* XtreamCategory.swift */; };
		A10000A1 /* XtreamStream.swift in Sources */ = {isa = PBXBuildFile; fileRef = B10000A1 /* XtreamStream.swift */; };
		A10000A2 /* XtreamEPGEntry.swift in Sources */ = {isa = PBXBuildFile; fileRef = B10000A2 /* XtreamEPGEntry.swift */; };
		A10000A3 /* XtreamEPGResponse.swift in Sources */ = {isa = PBXBuildFile; fileRef = B10000A3 /* XtreamEPGResponse.swift */; };
		A10000A4 /* XtreamError.swift in Sources */ = {isa = PBXBuildFile; fileRef = B10000A4 /* XtreamError.swift */; };
		A10000B0 /* LibraryType.swift in Sources */ = {isa = PBXBuildFile; fileRef = B10000B0 /* LibraryType.swift */; };
		A10000B1 /* MediaRowStyle.swift in Sources */ = {isa = PBXBuildFile; fileRef = B10000B1 /* MediaRowStyle.swift */; };
		A10000B2 /* MediaRowDelegate.swift in Sources */ = {isa = PBXBuildFile; fileRef = B10000B2 /* MediaRowDelegate.swift */; };
		A10000B3 /* LiveTVRowDelegate.swift in Sources */ = {isa = PBXBuildFile; fileRef = B10000B3 /* LiveTVRowDelegate.swift */; };
		A10000B4 /* LiveTVCardCell.swift in Sources */ = {isa = PBXBuildFile; fileRef = B10000B4 /* LiveTVCardCell.swift */; };
		A10000C0 /* CastCell.swift in Sources */ = {isa = PBXBuildFile; fileRef = B10000C0 /* CastCell.swift */; };
		A10000C1 /* SeasonPillButton.swift in Sources */ = {isa = PBXBuildFile; fileRef = B10000C1 /* SeasonPillButton.swift */; };
		A10000C2 /* EpisodeRowView.swift in Sources */ = {isa = PBXBuildFile; fileRef = B10000C2 /* EpisodeRowView.swift */; };
		A10000C3 /* FocusableButton.swift in Sources */ = {isa = PBXBuildFile; fileRef = B10000C3 /* FocusableButton.swift */; };
		A10000C4 /* SkeletonRowView.swift in Sources */ = {isa = PBXBuildFile; fileRef = B10000C4 /* SkeletonRowView.swift */; };
		A10000C5 /* SkeletonGridView.swift in Sources */ = {isa = PBXBuildFile; fileRef = B10000C5 /* SkeletonGridView.swift */; };
		A10000C6 /* SkeletonEpisodeRowView.swift in Sources */ = {isa = PBXBuildFile; fileRef = B10000C6 /* SkeletonEpisodeRowView.swift */; };
		A10000C7 /* PosterPickerViewController.swift in Sources */ = {isa = PBXBuildFile; fileRef = B10000C7 /* PosterPickerViewController.swift */; };
		A10000C8 /* PosterPickerCell.swift in Sources */ = {isa = PBXBuildFile; fileRef = B10000C8 /* PosterPickerCell.swift */; };
		A10000C9 /* SearchResultsController.swift in Sources */ = {isa = PBXBuildFile; fileRef = B10000C9 /* SearchResultsController.swift */; };
		A10000D0 /* IPTVChannel.swift in Sources */ = {isa = PBXBuildFile; fileRef = B10000D0 /* IPTVChannel.swift */; };
		A10000D1 /* IPTVGroup.swift in Sources */ = {isa = PBXBuildFile; fileRef = B10000D1 /* IPTVGroup.swift */; };
		A10000D2 /* EpisodeCell.swift in Sources */ = {isa = PBXBuildFile; fileRef = B10000D2 /* EpisodeCell.swift */; };
		A10000E0 /* SidebarDelegate.swift in Sources */ = {isa = PBXBuildFile; fileRef = B10000E0 /* SidebarDelegate.swift */; };
		A10000E1 /* JellyfinError.swift in Sources */ = {isa = PBXBuildFile; fileRef = B10000E1 /* JellyfinError.swift */; };
		A10000E2 /* HeroBannerDelegate.swift in Sources */ = {isa = PBXBuildFile; fileRef = B10000E2 /* HeroBannerDelegate.swift */; };
		A10000E3 /* LiveTVCard.swift in Sources */ = {isa = PBXBuildFile; fileRef = B10000E3 /* LiveTVCard.swift */; };
		A10000E4 /* CollectionMovieCard.swift in Sources */ = {isa = PBXBuildFile; fileRef = B10000E4 /* CollectionMovieCard.swift */; };
		A10000E5 /* RemoteStreamQuality.swift in Sources */ = {isa = PBXBuildFile; fileRef = B10000E5 /* RemoteStreamQuality.swift */; };
		A10000E6 /* IPTVError.swift in Sources */ = {isa = PBXBuildFile; fileRef = B10000E6 /* IPTVError.swift */; };
		A10000E7 /* SurfChannelCard.swift in Sources */ = {isa = PBXBuildFile; fileRef = B10000E7 /* SurfChannelCard.swift */; };
/* End PBXBuildFile section */

/* Begin PBXFileReference section */
		B1000001 /* AppDelegate.swift */ = {isa = PBXFileReference; lastKnownFileType = sourcecode.swift; path = AppDelegate.swift; sourceTree = "<group>"; };
		B1000002 /* RootViewController.swift */ = {isa = PBXFileReference; lastKnownFileType = sourcecode.swift; path = RootViewController.swift; sourceTree = "<group>"; };
		B1000003 /* SidebarDestination.swift */ = {isa = PBXFileReference; lastKnownFileType = sourcecode.swift; path = SidebarDestination.swift; sourceTree = "<group>"; };
		B1000004 /* SidebarViewController.swift */ = {isa = PBXFileReference; lastKnownFileType = sourcecode.swift; path = SidebarViewController.swift; sourceTree = "<group>"; };
		B1000005 /* SidebarMenuButton.swift */ = {isa = PBXFileReference; lastKnownFileType = sourcecode.swift; path = SidebarMenuButton.swift; sourceTree = "<group>"; };
		B1000007 /* JellyfinAPI.swift */ = {isa = PBXFileReference; lastKnownFileType = sourcecode.swift; path = JellyfinAPI.swift; sourceTree = "<group>"; };
		B1000008 /* ImageLoader.swift */ = {isa = PBXFileReference; lastKnownFileType = sourcecode.swift; path = ImageLoader.swift; sourceTree = "<group>"; };
		B100000A /* M3UParser.swift */ = {isa = PBXFileReference; lastKnownFileType = sourcecode.swift; path = M3UParser.swift; sourceTree = "<group>"; };
		B100000B /* IPTVManager.swift */ = {isa = PBXFileReference; lastKnownFileType = sourcecode.swift; path = IPTVManager.swift; sourceTree = "<group>"; };
		B100000C /* HomeViewController.swift */ = {isa = PBXFileReference; lastKnownFileType = sourcecode.swift; path = HomeViewController.swift; sourceTree = "<group>"; };
		B100000D /* MediaRowView.swift */ = {isa = PBXFileReference; lastKnownFileType = sourcecode.swift; path = MediaRowView.swift; sourceTree = "<group>"; };
		B100000E /* MediaCardCell.swift */ = {isa = PBXFileReference; lastKnownFileType = sourcecode.swift; path = MediaCardCell.swift; sourceTree = "<group>"; };
		B100000F /* LibraryViewController.swift */ = {isa = PBXFileReference; lastKnownFileType = sourcecode.swift; path = LibraryViewController.swift; sourceTree = "<group>"; };
		B1000010 /* DetailViewController.swift */ = {isa = PBXFileReference; lastKnownFileType = sourcecode.swift; path = DetailViewController.swift; sourceTree = "<group>"; };
		B1000011 /* EpisodesViewController.swift */ = {isa = PBXFileReference; lastKnownFileType = sourcecode.swift; path = EpisodesViewController.swift; sourceTree = "<group>"; };
		B1000012 /* LiveTVViewController.swift */ = {isa = PBXFileReference; lastKnownFileType = sourcecode.swift; path = LiveTVViewController.swift; sourceTree = "<group>"; };
		B1000013 /* SearchViewController.swift */ = {isa = PBXFileReference; lastKnownFileType = sourcecode.swift; path = SearchViewController.swift; sourceTree = "<group>"; };
		B1000014 /* SettingsViewController.swift */ = {isa = PBXFileReference; lastKnownFileType = sourcecode.swift; path = SettingsViewController.swift; sourceTree = "<group>"; };
		B1000015 /* PlayerViewController.swift */ = {isa = PBXFileReference; lastKnownFileType = sourcecode.swift; path = PlayerViewController.swift; sourceTree = "<group>"; };
		B1000016 /* Info.plist */ = {isa = PBXFileReference; lastKnownFileType = text.plist.xml; path = Info.plist; sourceTree = "<group>"; };
		B1000017 /* XtreamAPI.swift */ = {isa = PBXFileReference; lastKnownFileType = sourcecode.swift; path = XtreamAPI.swift; sourceTree = "<group>"; };
		B1000018 /* ThumbnailCardCell.swift */ = {isa = PBXFileReference; lastKnownFileType = sourcecode.swift; path = ThumbnailCardCell.swift; sourceTree = "<group>"; };
		B1000019 /* HeroBannerView.swift */ = {isa = PBXFileReference; lastKnownFileType = sourcecode.swift; path = HeroBannerView.swift; sourceTree = "<group>"; };
		B100001A /* LiveTVRowView.swift */ = {isa = PBXFileReference; lastKnownFileType = sourcecode.swift; path = LiveTVRowView.swift; sourceTree = "<group>"; };
		B100001B /* ShimmerView.swift */ = {isa = PBXFileReference; lastKnownFileType = sourcecode.swift; path = ShimmerView.swift; sourceTree = "<group>"; };
		B100001C /* LiveTVPlayerViewController.swift */ = {isa = PBXFileReference; lastKnownFileType = sourcecode.swift; path = LiveTVPlayerViewController.swift; sourceTree = "<group>"; };
		B100001D /* PosterCacheManager.swift */ = {isa = PBXFileReference; lastKnownFileType = sourcecode.swift; path = PosterCacheManager.swift; sourceTree = "<group>"; };
		B100001E /* PosterCache */ = {isa = PBXFileReference; lastKnownFileType = folder; path = PosterCache; sourceTree = "<group>"; };
		B1000030 /* AppTheme.swift */ = {isa = PBXFileReference; lastKnownFileType = sourcecode.swift; path = AppTheme.swift; sourceTree = "<group>"; };
		B1000031 /* Fonts */ = {isa = PBXFileReference; lastKnownFileType = folder; path = Fonts; sourceTree = "<group>"; };
		B100001F /* CollectionViewController.swift */ = {isa = PBXFileReference; lastKnownFileType = sourcecode.swift; path = CollectionViewController.swift; sourceTree = "<group>"; };
		C1000001 /* Prime.app */ = {isa = PBXFileReference; explicitFileType = wrapper.application; includeInIndex = 0; path = Prime.app; sourceTree = BUILT_PRODUCTS_DIR; };
		B1000080 /* JellyfinAuthResponse.swift */ = {isa = PBXFileReference; lastKnownFileType = sourcecode.swift; path = JellyfinAuthResponse.swift; sourceTree = "<group>"; };
		B1000081 /* JellyfinUser.swift */ = {isa = PBXFileReference; lastKnownFileType = sourcecode.swift; path = JellyfinUser.swift; sourceTree = "<group>"; };
		B1000082 /* JellyfinItemsResponse.swift */ = {isa = PBXFileReference; lastKnownFileType = sourcecode.swift; path = JellyfinItemsResponse.swift; sourceTree = "<group>"; };
		B1000083 /* JellyfinItem.swift */ = {isa = PBXFileReference; lastKnownFileType = sourcecode.swift; path = JellyfinItem.swift; sourceTree = "<group>"; };
		B1000084 /* JellyfinUserData.swift */ = {isa = PBXFileReference; lastKnownFileType = sourcecode.swift; path = JellyfinUserData.swift; sourceTree = "<group>"; };
		B1000085 /* JellyfinNamedItem.swift */ = {isa = PBXFileReference; lastKnownFileType = sourcecode.swift; path = JellyfinNamedItem.swift; sourceTree = "<group>"; };
		B1000086 /* JellyfinPerson.swift */ = {isa = PBXFileReference; lastKnownFileType = sourcecode.swift; path = JellyfinPerson.swift; sourceTree = "<group>"; };
		B1000087 /* JellyfinChapter.swift */ = {isa = PBXFileReference; lastKnownFileType = sourcecode.swift; path = JellyfinChapter.swift; sourceTree = "<group>"; };
		B1000088 /* JellyfinMediaStream.swift */ = {isa = PBXFileReference; lastKnownFileType = sourcecode.swift; path = JellyfinMediaStream.swift; sourceTree = "<group>"; };
		B1000089 /* JellyfinLibrary.swift */ = {isa = PBXFileReference; lastKnownFileType = sourcecode.swift; path = JellyfinLibrary.swift; sourceTree = "<group>"; };
		B100008A /* JellyfinLibraryResponse.swift */ = {isa = PBXFileReference; lastKnownFileType = sourcecode.swift; path = JellyfinLibraryResponse.swift; sourceTree = "<group>"; };
		B100008B /* JellyfinPlaybackInfo.swift */ = {isa = PBXFileReference; lastKnownFileType = sourcecode.swift; path = JellyfinPlaybackInfo.swift; sourceTree = "<group>"; };
		B100008C /* JellyfinMediaSource.swift */ = {isa = PBXFileReference; lastKnownFileType = sourcecode.swift; path = JellyfinMediaSource.swift; sourceTree = "<group>"; };
		B10000A0 /* XtreamCategory.swift */ = {isa = PBXFileReference; lastKnownFileType = sourcecode.swift; path = XtreamCategory.swift; sourceTree = "<group>"; };
		B10000A1 /* XtreamStream.swift */ = {isa = PBXFileReference; lastKnownFileType = sourcecode.swift; path = XtreamStream.swift; sourceTree = "<group>"; };
		B10000A2 /* XtreamEPGEntry.swift */ = {isa = PBXFileReference; lastKnownFileType = sourcecode.swift; path = XtreamEPGEntry.swift; sourceTree = "<group>"; };
		B10000A3 /* XtreamEPGResponse.swift */ = {isa = PBXFileReference; lastKnownFileType = sourcecode.swift; path = XtreamEPGResponse.swift; sourceTree = "<group>"; };
		B10000A4 /* XtreamError.swift */ = {isa = PBXFileReference; lastKnownFileType = sourcecode.swift; path = XtreamError.swift; sourceTree = "<group>"; };
		B10000B0 /* LibraryType.swift */ = {isa = PBXFileReference; lastKnownFileType = sourcecode.swift; path = LibraryType.swift; sourceTree = "<group>"; };
		B10000B1 /* MediaRowStyle.swift */ = {isa = PBXFileReference; lastKnownFileType = sourcecode.swift; path = MediaRowStyle.swift; sourceTree = "<group>"; };
		B10000B2 /* MediaRowDelegate.swift */ = {isa = PBXFileReference; lastKnownFileType = sourcecode.swift; path = MediaRowDelegate.swift; sourceTree = "<group>"; };
		B10000B3 /* LiveTVRowDelegate.swift */ = {isa = PBXFileReference; lastKnownFileType = sourcecode.swift; path = LiveTVRowDelegate.swift; sourceTree = "<group>"; };
		B10000B4 /* LiveTVCardCell.swift */ = {isa = PBXFileReference; lastKnownFileType = sourcecode.swift; path = LiveTVCardCell.swift; sourceTree = "<group>"; };
		B10000C0 /* CastCell.swift */ = {isa = PBXFileReference; lastKnownFileType = sourcecode.swift; path = CastCell.swift; sourceTree = "<group>"; };
		B10000C1 /* SeasonPillButton.swift */ = {isa = PBXFileReference; lastKnownFileType = sourcecode.swift; path = SeasonPillButton.swift; sourceTree = "<group>"; };
		B10000C2 /* EpisodeRowView.swift */ = {isa = PBXFileReference; lastKnownFileType = sourcecode.swift; path = EpisodeRowView.swift; sourceTree = "<group>"; };
		B10000C3 /* FocusableButton.swift */ = {isa = PBXFileReference; lastKnownFileType = sourcecode.swift; path = FocusableButton.swift; sourceTree = "<group>"; };
		B10000C4 /* SkeletonRowView.swift */ = {isa = PBXFileReference; lastKnownFileType = sourcecode.swift; path = SkeletonRowView.swift; sourceTree = "<group>"; };
		B10000C5 /* SkeletonGridView.swift */ = {isa = PBXFileReference; lastKnownFileType = sourcecode.swift; path = SkeletonGridView.swift; sourceTree = "<group>"; };
		B10000C6 /* SkeletonEpisodeRowView.swift */ = {isa = PBXFileReference; lastKnownFileType = sourcecode.swift; path = SkeletonEpisodeRowView.swift; sourceTree = "<group>"; };
		B10000C7 /* PosterPickerViewController.swift */ = {isa = PBXFileReference; lastKnownFileType = sourcecode.swift; path = PosterPickerViewController.swift; sourceTree = "<group>"; };
		B10000C8 /* PosterPickerCell.swift */ = {isa = PBXFileReference; lastKnownFileType = sourcecode.swift; path = PosterPickerCell.swift; sourceTree = "<group>"; };
		B10000C9 /* SearchResultsController.swift */ = {isa = PBXFileReference; lastKnownFileType = sourcecode.swift; path = SearchResultsController.swift; sourceTree = "<group>"; };
		B10000D0 /* IPTVChannel.swift */ = {isa = PBXFileReference; lastKnownFileType = sourcecode.swift; path = IPTVChannel.swift; sourceTree = "<group>"; };
		B10000D1 /* IPTVGroup.swift */ = {isa = PBXFileReference; lastKnownFileType = sourcecode.swift; path = IPTVGroup.swift; sourceTree = "<group>"; };
		B10000D2 /* EpisodeCell.swift */ = {isa = PBXFileReference; lastKnownFileType = sourcecode.swift; path = EpisodeCell.swift; sourceTree = "<group>"; };
		B10000E0 /* SidebarDelegate.swift */ = {isa = PBXFileReference; lastKnownFileType = sourcecode.swift; path = SidebarDelegate.swift; sourceTree = "<group>"; };
		B10000E1 /* JellyfinError.swift */ = {isa = PBXFileReference; lastKnownFileType = sourcecode.swift; path = JellyfinError.swift; sourceTree = "<group>"; };
		B10000E2 /* HeroBannerDelegate.swift */ = {isa = PBXFileReference; lastKnownFileType = sourcecode.swift; path = HeroBannerDelegate.swift; sourceTree = "<group>"; };
		B10000E3 /* LiveTVCard.swift */ = {isa = PBXFileReference; lastKnownFileType = sourcecode.swift; path = LiveTVCard.swift; sourceTree = "<group>"; };
		B10000E4 /* CollectionMovieCard.swift */ = {isa = PBXFileReference; lastKnownFileType = sourcecode.swift; path = CollectionMovieCard.swift; sourceTree = "<group>"; };
		B10000E5 /* RemoteStreamQuality.swift */ = {isa = PBXFileReference; lastKnownFileType = sourcecode.swift; path = RemoteStreamQuality.swift; sourceTree = "<group>"; };
		B10000E6 /* IPTVError.swift */ = {isa = PBXFileReference; lastKnownFileType = sourcecode.swift; path = IPTVError.swift; sourceTree = "<group>"; };
		B10000E7 /* SurfChannelCard.swift */ = {isa = PBXFileReference; lastKnownFileType = sourcecode.swift; path = SurfChannelCard.swift; sourceTree = "<group>"; };
/* End PBXFileReference section */

/* Begin PBXFrameworksBuildPhase section */
		D1000001 /* Frameworks */ = {
			isa = PBXFrameworksBuildPhase;
			buildActionMask = 2147483647;
			files = (
			);
			runOnlyForDeploymentPostprocessing = 0;
		};
/* End PBXFrameworksBuildPhase section */

/* Begin PBXGroup section */
		E1000001 = {
			isa = PBXGroup;
			children = (
				E1000002 /* Prime */,
				E1000009 /* Products */,
			);
			sourceTree = "<group>";
		};
		E1000002 /* Prime */ = {
			isa = PBXGroup;
			children = (
				E1000003 /* App */,
				E1000004 /* Models */,
				E1000005 /* Sidebar */,
				E1000006 /* Jellyfin */,
				E1000007 /* IPTV */,
				E1000008 /* Content */,
				E100000A /* Player */,
				E100000B /* Resources */,
				E100000C /* Utils */,
			);
			path = Prime;
			sourceTree = "<group>";
		};
		E1000003 /* App */ = {
			isa = PBXGroup;
			children = (
				B1000001 /* AppDelegate.swift */,
				B1000002 /* RootViewController.swift */,
			);
			path = App;
			sourceTree = "<group>";
		};
		E1000004 /* Models */ = {
			isa = PBXGroup;
			children = (
				B1000003 /* SidebarDestination.swift */,
																																						B1000080 /* JellyfinAuthResponse.swift */,
				B1000081 /* JellyfinUser.swift */,
				B1000082 /* JellyfinItemsResponse.swift */,
				B1000083 /* JellyfinItem.swift */,
				B1000084 /* JellyfinUserData.swift */,
				B1000085 /* JellyfinNamedItem.swift */,
				B1000086 /* JellyfinPerson.swift */,
				B1000087 /* JellyfinChapter.swift */,
				B1000088 /* JellyfinMediaStream.swift */,
				B1000089 /* JellyfinLibrary.swift */,
				B100008A /* JellyfinLibraryResponse.swift */,
				B100008B /* JellyfinPlaybackInfo.swift */,
				B100008C /* JellyfinMediaSource.swift */,
							B10000A0 /* XtreamCategory.swift */,
				B10000A1 /* XtreamStream.swift */,
				B10000A2 /* XtreamEPGEntry.swift */,
				B10000A3 /* XtreamEPGResponse.swift */,
							B10000B0 /* LibraryType.swift */,
							B10000D0 /* IPTVChannel.swift */,
				B10000D1 /* IPTVGroup.swift */,
			);
			path = Models;
			sourceTree = "<group>";
		};
		E1000005 /* Sidebar */ = {
			isa = PBXGroup;
			children = (
				B1000004 /* SidebarViewController.swift */,
				B1000005 /* SidebarMenuButton.swift */,
							B10000E0 /* SidebarDelegate.swift */,
			);
			path = Sidebar;
			sourceTree = "<group>";
		};
		E1000006 /* Jellyfin */ = {
			isa = PBXGroup;
			children = (
				B1000007 /* JellyfinAPI.swift */,
				B1000008 /* ImageLoader.swift */,
							B10000E1 /* JellyfinError.swift */,
			);
			path = Jellyfin;
			sourceTree = "<group>";
		};
		E1000007 /* IPTV */ = {
			isa = PBXGroup;
			children = (
				B100000A /* M3UParser.swift */,
				B100000B /* IPTVManager.swift */,
				B1000017 /* XtreamAPI.swift */,
							B10000A4 /* XtreamError.swift */,
							B10000E6 /* IPTVError.swift */,
			);
			path = IPTV;
			sourceTree = "<group>";
		};
		E1000008 /* Content */ = {
			isa = PBXGroup;
			children = (
				B100000C /* HomeViewController.swift */,
				B100000D /* MediaRowView.swift */,
				B100000E /* MediaCardCell.swift */,
				B1000018 /* ThumbnailCardCell.swift */,
				B1000019 /* HeroBannerView.swift */,
				B100001A /* LiveTVRowView.swift */,
				B100000F /* LibraryViewController.swift */,
				B1000010 /* DetailViewController.swift */,
				B1000011 /* EpisodesViewController.swift */,
				B1000012 /* LiveTVViewController.swift */,
				B1000013 /* SearchViewController.swift */,
				B1000014 /* SettingsViewController.swift */,
				B100001B /* ShimmerView.swift */,
				B100001D /* PosterCacheManager.swift */,
				B100001F /* CollectionViewController.swift */,
							B10000B1 /* MediaRowStyle.swift */,
				B10000B2 /* MediaRowDelegate.swift */,
				B10000B3 /* LiveTVRowDelegate.swift */,
				B10000B4 /* LiveTVCardCell.swift */,
							B10000C0 /* CastCell.swift */,
				B10000C1 /* SeasonPillButton.swift */,
				B10000C2 /* EpisodeRowView.swift */,
				B10000C3 /* FocusableButton.swift */,
				B10000C4 /* SkeletonRowView.swift */,
				B10000C5 /* SkeletonGridView.swift */,
				B10000C6 /* SkeletonEpisodeRowView.swift */,
				B10000C7 /* PosterPickerViewController.swift */,
				B10000C8 /* PosterPickerCell.swift */,
				B10000C9 /* SearchResultsController.swift */,
							B10000D2 /* EpisodeCell.swift */,
							B10000E2 /* HeroBannerDelegate.swift */,
				B10000E3 /* LiveTVCard.swift */,
				B10000E4 /* CollectionMovieCard.swift */,
				B10000E5 /* RemoteStreamQuality.swift */,
			);
			path = Content;
			sourceTree = "<group>";
		};
		E1000009 /* Products */ = {
			isa = PBXGroup;
			children = (
				C1000001 /* Prime.app */,
			);
			name = Products;
			sourceTree = "<group>";
		};
		E100000A /* Player */ = {
			isa = PBXGroup;
			children = (
				B1000015 /* PlayerViewController.swift */,
				B100001C /* LiveTVPlayerViewController.swift */,
							B10000E7 /* SurfChannelCard.swift */,
			);
			path = Player;
			sourceTree = "<group>";
		};
		E100000B /* Resources */ = {
			isa = PBXGroup;
			children = (
				B1000016 /* Info.plist */,
				B100001E /* PosterCache */,
				B1000031 /* Fonts */,
			);
			path = Resources;
			sourceTree = "<group>";
		};
		E100000C /* Utils */ = {
			isa = PBXGroup;
			children = (
				B1000030 /* AppTheme.swift */,
			);
			path = Utils;
			sourceTree = "<group>";
		};
/* End PBXGroup section */

/* Begin PBXNativeTarget section */
		F1000001 /* Prime */ = {
			isa = PBXNativeTarget;
			buildConfigurationList = F1000004 /* Build configuration list for PBXNativeTarget "Prime" */;
			buildPhases = (
				F1000002 /* Sources */,
				D1000001 /* Frameworks */,
				F1000003 /* Resources */,
			);
			buildRules = (
			);
			dependencies = (
			);
			name = Prime;
			productName = Prime;
			productReference = C1000001 /* Prime.app */;
			productType = "com.apple.product-type.application";
		};
/* End PBXNativeTarget section */

/* Begin PBXProject section */
		F1000005 /* Project object */ = {
			isa = PBXProject;
			attributes = {
				BuildIndependentTargetsInParallel = 1;
				LastSwiftUpdateCheck = 1600;
				LastUpgradeCheck = 1600;
				TargetAttributes = {
					F1000001 = {
						CreatedOnToolsVersion = 16.0;
					};
				};
			};
			buildConfigurationList = F1000006 /* Build configuration list for PBXProject "Prime" */;
			compatibilityVersion = "Xcode 14.0";
			developmentRegion = en;
			hasScannedForEncodings = 0;
			knownRegions = (
				en,
				Base,
			);
			mainGroup = E1000001;
			productRefGroup = E1000009 /* Products */;
			projectDirPath = "";
			projectRoot = "";
			targets = (
				F1000001 /* Prime */,
			);
		};
/* End PBXProject section */

/* Begin PBXResourcesBuildPhase section */
		F1000003 /* Resources */ = {
			isa = PBXResourcesBuildPhase;
			buildActionMask = 2147483647;
			files = (
				A100001D /* PosterCache in Resources */,
				A1000033 /* Fonts in Resources */,
			);
			runOnlyForDeploymentPostprocessing = 0;
		};
/* End PBXResourcesBuildPhase section */

/* Begin PBXSourcesBuildPhase section */
		F1000002 /* Sources */ = {
			isa = PBXSourcesBuildPhase;
			buildActionMask = 2147483647;
			files = (
				A1000001 /* AppDelegate.swift in Sources */,
				A1000002 /* RootViewController.swift in Sources */,
				A1000003 /* SidebarDestination.swift in Sources */,
				A1000004 /* SidebarViewController.swift in Sources */,
				A1000005 /* SidebarMenuButton.swift in Sources */,
						A1000007 /* JellyfinAPI.swift in Sources */,
				A1000008 /* ImageLoader.swift in Sources */,
						A100000A /* M3UParser.swift in Sources */,
				A100000B /* IPTVManager.swift in Sources */,
				A100000C /* HomeViewController.swift in Sources */,
				A100000D /* MediaRowView.swift in Sources */,
				A100000E /* MediaCardCell.swift in Sources */,
				A100000F /* LibraryViewController.swift in Sources */,
				A1000010 /* DetailViewController.swift in Sources */,
				A1000011 /* EpisodesViewController.swift in Sources */,
				A1000012 /* LiveTVViewController.swift in Sources */,
				A1000013 /* SearchViewController.swift in Sources */,
				A1000014 /* SettingsViewController.swift in Sources */,
				A1000015 /* PlayerViewController.swift in Sources */,
				A1000016 /* XtreamAPI.swift in Sources */,
				A1000017 /* ThumbnailCardCell.swift in Sources */,
				A1000018 /* HeroBannerView.swift in Sources */,
				A1000019 /* LiveTVRowView.swift in Sources */,
				A100001A /* ShimmerView.swift in Sources */,
				A100001B /* LiveTVPlayerViewController.swift in Sources */,
				A100001C /* PosterCacheManager.swift in Sources */,
				A1000032 /* AppTheme.swift in Sources */,
				A100001E /* CollectionViewController.swift in Sources */,
																																				A1000080 /* JellyfinAuthResponse.swift in Sources */,
				A1000081 /* JellyfinUser.swift in Sources */,
				A1000082 /* JellyfinItemsResponse.swift in Sources */,
				A1000083 /* JellyfinItem.swift in Sources */,
				A1000084 /* JellyfinUserData.swift in Sources */,
				A1000085 /* JellyfinNamedItem.swift in Sources */,
				A1000086 /* JellyfinPerson.swift in Sources */,
				A1000087 /* JellyfinChapter.swift in Sources */,
				A1000088 /* JellyfinMediaStream.swift in Sources */,
				A1000089 /* JellyfinLibrary.swift in Sources */,
				A100008A /* JellyfinLibraryResponse.swift in Sources */,
				A100008B /* JellyfinPlaybackInfo.swift in Sources */,
				A100008C /* JellyfinMediaSource.swift in Sources */,
							A10000A0 /* XtreamCategory.swift in Sources */,
				A10000A1 /* XtreamStream.swift in Sources */,
				A10000A2 /* XtreamEPGEntry.swift in Sources */,
				A10000A3 /* XtreamEPGResponse.swift in Sources */,
				A10000A4 /* XtreamError.swift in Sources */,
							A10000B0 /* LibraryType.swift in Sources */,
				A10000B1 /* MediaRowStyle.swift in Sources */,
				A10000B2 /* MediaRowDelegate.swift in Sources */,
				A10000B3 /* LiveTVRowDelegate.swift in Sources */,
				A10000B4 /* LiveTVCardCell.swift in Sources */,
							A10000C0 /* CastCell.swift in Sources */,
				A10000C1 /* SeasonPillButton.swift in Sources */,
				A10000C2 /* EpisodeRowView.swift in Sources */,
				A10000C3 /* FocusableButton.swift in Sources */,
				A10000C4 /* SkeletonRowView.swift in Sources */,
				A10000C5 /* SkeletonGridView.swift in Sources */,
				A10000C6 /* SkeletonEpisodeRowView.swift in Sources */,
				A10000C7 /* PosterPickerViewController.swift in Sources */,
				A10000C8 /* PosterPickerCell.swift in Sources */,
				A10000C9 /* SearchResultsController.swift in Sources */,
							A10000D0 /* IPTVChannel.swift in Sources */,
				A10000D1 /* IPTVGroup.swift in Sources */,
				A10000D2 /* EpisodeCell.swift in Sources */,
							A10000E0 /* SidebarDelegate.swift in Sources */,
				A10000E1 /* JellyfinError.swift in Sources */,
				A10000E2 /* HeroBannerDelegate.swift in Sources */,
				A10000E3 /* LiveTVCard.swift in Sources */,
				A10000E4 /* CollectionMovieCard.swift in Sources */,
				A10000E5 /* RemoteStreamQuality.swift in Sources */,
				A10000E6 /* IPTVError.swift in Sources */,
				A10000E7 /* SurfChannelCard.swift in Sources */,
			);
			runOnlyForDeploymentPostprocessing = 0;
		};
/* End PBXSourcesBuildPhase section */

/* Begin XCBuildConfiguration section */
		G1000001 /* Debug */ = {
			isa = XCBuildConfiguration;
			buildSettings = {
				ALWAYS_SEARCH_USER_PATHS = NO;
				ASSETCATALOG_COMPILER_GENERATE_SWIFT_ASSET_SYMBOL_EXTENSIONS = YES;
				CLANG_ANALYZER_NONNULL = YES;
				CLANG_CXX_LANGUAGE_STANDARD = "gnu++20";
				CLANG_ENABLE_MODULES = YES;
				CLANG_ENABLE_OBJC_ARC = YES;
				COPY_PHASE_STRIP = NO;
				DEBUG_INFORMATION_FORMAT = dwarf;
				ENABLE_STRICT_OBJC_MSGSEND = YES;
				ENABLE_TESTABILITY = YES;
				GCC_DYNAMIC_NO_PIC = NO;
				GCC_OPTIMIZATION_LEVEL = 0;
				GCC_PREPROCESSOR_DEFINITIONS = (
					"DEBUG=1",
					"$(inherited)",
				);
				GCC_WARN_ABOUT_RETURN_TYPE = YES_ERROR;
				GCC_WARN_UNINITIALIZED_AUTOS = YES_AGGRESSIVE;
				MTL_ENABLE_DEBUG_INFO = INCLUDE_SOURCE;
				MTL_FAST_MATH = YES;
				ONLY_ACTIVE_ARCH = YES;
				SDKROOT = appletvos;
				SWIFT_ACTIVE_COMPILATION_CONDITIONS = "$(inherited) DEBUG";
				SWIFT_OPTIMIZATION_LEVEL = "-Onone";
				TVOS_DEPLOYMENT_TARGET = 17.0;
			};
			name = Debug;
		};
		G1000002 /* Release */ = {
			isa = XCBuildConfiguration;
			buildSettings = {
				ALWAYS_SEARCH_USER_PATHS = NO;
				ASSETCATALOG_COMPILER_GENERATE_SWIFT_ASSET_SYMBOL_EXTENSIONS = YES;
				CLANG_ANALYZER_NONNULL = YES;
				CLANG_CXX_LANGUAGE_STANDARD = "gnu++20";
				CLANG_ENABLE_MODULES = YES;
				CLANG_ENABLE_OBJC_ARC = YES;
				COPY_PHASE_STRIP = NO;
				DEBUG_INFORMATION_FORMAT = "dwarf-with-dsym";
				ENABLE_NS_ASSERTIONS = NO;
				ENABLE_STRICT_OBJC_MSGSEND = YES;
				GCC_WARN_ABOUT_RETURN_TYPE = YES_ERROR;
				GCC_WARN_UNINITIALIZED_AUTOS = YES_AGGRESSIVE;
				MTL_ENABLE_DEBUG_INFO = NO;
				MTL_FAST_MATH = YES;
				SDKROOT = appletvos;
				SWIFT_COMPILATION_MODE = wholemodule;
				TVOS_DEPLOYMENT_TARGET = 17.0;
				VALIDATE_PRODUCT = YES;
			};
			name = Release;
		};
		G1000003 /* Debug */ = {
			isa = XCBuildConfiguration;
			buildSettings = {
				ASSETCATALOG_COMPILER_APPICON_NAME = "App Icon & Top Shelf Image";
				CODE_SIGN_STYLE = Automatic;
				CURRENT_PROJECT_VERSION = 1;
				DEVELOPMENT_TEAM = 8656625Z2P;
				GENERATE_INFOPLIST_FILE = YES;
				INFOPLIST_FILE = Prime/Resources/Info.plist;
				INFOPLIST_KEY_UILaunchStoryboardName = "";
				LD_RUNPATH_SEARCH_PATHS = (
					"$(inherited)",
					"@executable_path/Frameworks",
				);
				MARKETING_VERSION = 1.0;
				PRODUCT_BUNDLE_IDENTIFIER = me.athion.Prime;
				PRODUCT_NAME = "$(TARGET_NAME)";
				SWIFT_EMIT_LOC_STRINGS = YES;
				SWIFT_VERSION = 5.0;
				TARGETED_DEVICE_FAMILY = 3;
			};
			name = Debug;
		};
		G1000004 /* Release */ = {
			isa = XCBuildConfiguration;
			buildSettings = {
				ASSETCATALOG_COMPILER_APPICON_NAME = "App Icon & Top Shelf Image";
				CODE_SIGN_STYLE = Automatic;
				CURRENT_PROJECT_VERSION = 1;
				DEVELOPMENT_TEAM = 8656625Z2P;
				GENERATE_INFOPLIST_FILE = YES;
				INFOPLIST_FILE = Prime/Resources/Info.plist;
				INFOPLIST_KEY_UILaunchStoryboardName = "";
				LD_RUNPATH_SEARCH_PATHS = (
					"$(inherited)",
					"@executable_path/Frameworks",
				);
				MARKETING_VERSION = 1.0;
				PRODUCT_BUNDLE_IDENTIFIER = me.athion.Prime;
				PRODUCT_NAME = "$(TARGET_NAME)";
				SWIFT_EMIT_LOC_STRINGS = YES;
				SWIFT_VERSION = 5.0;
				TARGETED_DEVICE_FAMILY = 3;
			};
			name = Release;
		};
/* End XCBuildConfiguration section */

/* Begin XCConfigurationList section */
		F1000004 /* Build configuration list for PBXNativeTarget "Prime" */ = {
			isa = XCConfigurationList;
			buildConfigurations = (
				G1000003 /* Debug */,
				G1000004 /* Release */,
			);
			defaultConfigurationIsVisible = 0;
			defaultConfigurationName = Release;
		};
		F1000006 /* Build configuration list for PBXProject "Prime" */ = {
			isa = XCConfigurationList;
			buildConfigurations = (
				G1000001 /* Debug */,
				G1000002 /* Release */,
			);
			defaultConfigurationIsVisible = 0;
			defaultConfigurationName = Release;
		};
/* End XCConfigurationList section */
	};
	rootObject = F1000005 /* Project object */;
}
